
Microsoft Visual Studio Solution File, Format Version 12.00
# Visual Studio Version 16
VisualStudioVersion = 16.0.29926.136
MinimumVisualStudioVersion = 10.0.40219.1
Project("{FAE04EC0-301F-11D3-BF4B-00C04F79EFBC}") = "HF API Wrapper", "HF API Wrapper\HF API Wrapper.csproj", "{7323161F-E0FB-4114-A466-EDBBF2BB3D45}"
EndProject
Global
	GlobalSection(SolutionConfigurationPlatforms) = preSolution
		Debug|Any CPU = Debug|Any CPU
		Release|Any CPU = Release|Any CPU
	EndGlobalSection
	GlobalSection(ProjectConfigurationPlatforms) = postSolution
		{7323161F-E0FB-4114-A466-EDBBF2BB3D45}.Debug|Any CPU.ActiveCfg = Debug|Any CPU
		{7323161F-E0FB-4114-A466-EDBBF2BB3D45}.Debug|Any CPU.Build.0 = Debug|Any CPU
		{7323161F-E0FB-4114-A466-EDBBF2BB3D45}.Release|Any CPU.ActiveCfg = Release|Any CPU
		{7323161F-E0FB-4114-A466-EDBBF2BB3D45}.Release|Any CPU.Build.0 = Release|Any CPU
	EndGlobalSection
	GlobalSection(SolutionProperties) = preSolution
		HideSolutionNode = FALSE
	EndGlobalSection
	GlobalSection(ExtensibilityGlobals) = postSolution
		SolutionGuid = {2827B869-6605-439C-A3FE-EA810384BB41}
	EndGlobalSection
EndGlobal
